
Microsoft Visual Studio Solution File, Format Version 12.00
# Visual Studio Version 17
VisualStudioVersion = 17.6.33815.320
MinimumVisualStudioVersion = 10.0.40219.1
Project("{FAE04EC0-301F-11D3-BF4B-00C04F79EFBC}") = "CityInfo.API", "CityInfo.API\CityInfo.API.csproj", "{A2624BBF-71BF-44F6-8C0F-94E53872BFDD}"
EndProject
Global
	GlobalSection(SolutionConfigurationPlatforms) = preSolution
		Debug|Any CPU = Debug|Any CPU
		Release|Any CPU = Release|Any CPU
	EndGlobalSection
	GlobalSection(ProjectConfigurationPlatforms) = postSolution
		{A2624BBF-71BF-44F6-8C0F-94E53872BFDD}.Debug|Any CPU.ActiveCfg = Debug|Any CPU
		{A2624BBF-71BF-44F6-8C0F-94E53872BFDD}.Debug|Any CPU.Build.0 = Debug|Any CPU
		{A2624BBF-71BF-44F6-8C0F-94E53872BFDD}.Release|Any CPU.ActiveCfg = Release|Any CPU
		{A2624BBF-71BF-44F6-8C0F-94E53872BFDD}.Release|Any CPU.Build.0 = Release|Any CPU
	EndGlobalSection
	GlobalSection(SolutionProperties) = preSolution
		HideSolutionNode = FALSE
	EndGlobalSection
	GlobalSection(ExtensibilityGlobals) = postSolution
		SolutionGuid = {C5931BC9-4170-4875-B1AC-C72A9A0BB615}
	EndGlobalSection
EndGlobal
